// !$*UTF8*$!
{
	archiveVersion = 1;
	classes = {
	};
	objectVersion = 50;
	objects = {

/* Begin PBXBuildFile section */
		10C48EC226F269B00019B7A3 /* Firebase_DB_ProjectApp.swift in Sources */ = {isa = PBXBuildFile; fileRef = 10C48EC126F269B00019B7A3 /* Firebase_DB_ProjectApp.swift */; };
		10C48EC426F269B00019B7A3 /* ContentView.swift in Sources */ = {isa = PBXBuildFile; fileRef = 10C48EC326F269B00019B7A3 /* ContentView.swift */; };
		10C48EC626F269B10019B7A3 /* Assets.xcassets in Resources */ = {isa = PBXBuildFile; fileRef = 10C48EC526F269B10019B7A3 /* Assets.xcassets */; };
		10C48EC926F269B10019B7A3 /* Preview Assets.xcassets in Resources */ = {isa = PBXBuildFile; fileRef = 10C48EC826F269B10019B7A3 /* Preview Assets.xcassets */; };
		10C48ED126F26A720019B7A3 /* GoogleService-Info.plist in Resources */ = {isa = PBXBuildFile; fileRef = 10C48ED026F26A720019B7A3 /* GoogleService-Info.plist */; };
		830E2D1E7BFF172070271E08 /* Pods_Firebase_DB_Project.framework in Frameworks */ = {isa = PBXBuildFile; fileRef = C9680289B814ED9FF709571C /* Pods_Firebase_DB_Project.framework */; };
/* End PBXBuildFile section */

/* Begin PBXFileReference section */
		10C48EBE26F269B00019B7A3 /* Firebase DB Project.app */ = {isa = PBXFileReference; explicitFileType = wrapper.application; includeInIndex = 0; path = "Firebase DB Project.app"; sourceTree = BUILT_PRODUCTS_DIR; };
		10C48EC126F269B00019B7A3 /* Firebase_DB_ProjectApp.swift */ = {isa = PBXFileReference; lastKnownFileType = sourcecode.swift; path = Firebase_DB_ProjectApp.swift; sourceTree = "<group>"; };
		10C48EC326F269B00019B7A3 /* ContentView.swift */ = {isa = PBXFileReference; lastKnownFileType = sourcecode.swift; path = ContentView.swift; sourceTree = "<group>"; };
		10C48EC526F269B10019B7A3 /* Assets.xcassets */ = {isa = PBXFileReference; lastKnownFileType = folder.assetcatalog; path = Assets.xcassets; sourceTree = "<group>"; };
		10C48EC826F269B10019B7A3 /* Preview Assets.xcassets */ = {isa = PBXFileReference; lastKnownFileType = folder.assetcatalog; path = "Preview Assets.xcassets"; sourceTree = "<group>"; };
		10C48ECA26F269B10019B7A3 /* Info.plist */ = {isa = PBXFileReference; lastKnownFileType = text.plist.xml; path = Info.plist; sourceTree = "<group>"; };
		10C48ED026F26A720019B7A3 /* GoogleService-Info.plist */ = {isa = PBXFileReference; fileEncoding = 4; lastKnownFileType = text.plist.xml; path = "GoogleService-Info.plist"; sourceTree = "<group>"; };
		282DF5C21B9F6A22309B9AD6 /* Pods-Firebase DB Project.debug.xcconfig */ = {isa = PBXFileReference; includeInIndex = 1; lastKnownFileType = text.xcconfig; name = "Pods-Firebase DB Project.debug.xcconfig"; path = "Target Support Files/Pods-Firebase DB Project/Pods-Firebase DB Project.debug.xcconfig"; sourceTree = "<group>"; };
		C9680289B814ED9FF709571C /* Pods_Firebase_DB_Project.framework */ = {isa = PBXFileReference; explicitFileType = wrapper.framework; includeInIndex = 0; path = Pods_Firebase_DB_Project.framework; sourceTree = BUILT_PRODUCTS_DIR; };
		EC0872958E8DDF8C85DD9745 /* Pods-Firebase DB Project.release.xcconfig */ = {isa = PBXFileReference; includeInIndex = 1; lastKnownFileType = text.xcconfig; name = "Pods-Firebase DB Project.release.xcconfig"; path = "Target Support Files/Pods-Firebase DB Project/Pods-Firebase DB Project.release.xcconfig"; sourceTree = "<group>"; };
/* End PBXFileReference section */

/* Begin PBXFrameworksBuildPhase section */
		10C48EBB26F269AF0019B7A3 /* Frameworks */ = {
			isa = PBXFrameworksBuildPhase;
			buildActionMask = 2147483647;
			files = (
				830E2D1E7BFF172070271E08 /* Pods_Firebase_DB_Project.framework in Frameworks */,
			);
			runOnlyForDeploymentPostprocessing = 0;
		};
/* End PBXFrameworksBuildPhase section */

/* Begin PBXGroup section */
		10C48EB526F269AF0019B7A3 = {
			isa = PBXGroup;
			children = (
				10C48EC026F269B00019B7A3 /* Firebase DB Project */,
				10C48EBF26F269B00019B7A3 /* Products */,
				4806A047287E5BC4F5D510C2 /* Pods */,
				88254E730D6D777306CD8C22 /* Frameworks */,
			);
			sourceTree = "<group>";
		};
		10C48EBF26F269B00019B7A3 /* Products */ = {
			isa = PBXGroup;
			children = (
				10C48EBE26F269B00019B7A3 /* Firebase DB Project.app */,
			);
			name = Products;
			sourceTree = "<group>";
		};
		10C48EC026F269B00019B7A3 /* Firebase DB Project */ = {
			isa = PBXGroup;
			children = (
				10C48EC126F269B00019B7A3 /* Firebase_DB_ProjectApp.swift */,
				10C48EC326F269B00019B7A3 /* ContentView.swift */,
				10C48EC526F269B10019B7A3 /* Assets.xcassets */,
				10C48ECA26F269B10019B7A3 /* Info.plist */,
				10C48ED026F26A720019B7A3 /* GoogleService-Info.plist */,
				10C48EC726F269B10019B7A3 /* Preview Content */,
			);
			path = "Firebase DB Project";
			sourceTree = "<group>";
		};
		10C48EC726F269B10019B7A3 /* Preview Content */ = {
			isa = PBXGroup;
			children = (
				10C48EC826F269B10019B7A3 /* Preview Assets.xcassets */,
			);
			path = "Preview Content";
			sourceTree = "<group>";
		};
		4806A047287E5BC4F5D510C2 /* Pods */ = {
			isa = PBXGroup;
			children = (
				282DF5C21B9F6A22309B9AD6 /* Pods-Firebase DB Project.debug.xcconfig */,
				EC0872958E8DDF8C85DD9745 /* Pods-Firebase DB Project.release.xcconfig */,
			);
			name = Pods;
			path = Pods;
			sourceTree = "<group>";
		};
		88254E730D6D777306CD8C22 /* Frameworks */ = {
			isa = PBXGroup;
			children = (
				C9680289B814ED9FF709571C /* Pods_Firebase_DB_Project.framework */,
			);
			name = Frameworks;
			sourceTree = "<group>";
		};
/* End PBXGroup section */

/* Begin PBXNativeTarget section */
		10C48EBD26F269AF0019B7A3 /* Firebase DB Project */ = {
			isa = PBXNativeTarget;
			buildConfigurationList = 10C48ECD26F269B10019B7A3 /* Build configuration list for PBXNativeTarget "Firebase DB Project" */;
			buildPhases = (
				7FD5E3F867FDCD7884306DDE /* [CP] Check Pods Manifest.lock */,
				10C48EBA26F269AF0019B7A3 /* Sources */,
				10C48EBB26F269AF0019B7A3 /* Frameworks */,
				10C48EBC26F269AF0019B7A3 /* Resources */,
				3538EAC9F1C85AB89903DA92 /* [CP] Embed Pods Frameworks */,
			);
			buildRules = (
			);
			dependencies = (
			);
			name = "Firebase DB Project";
			productName = "Firebase DB Project";
			productReference = 10C48EBE26F269B00019B7A3 /* Firebase DB Project.app */;
			productType = "com.apple.product-type.application";
		};
/* End PBXNativeTarget section */

/* Begin PBXProject section */
		10C48EB626F269AF0019B7A3 /* Project object */ = {
			isa = PBXProject;
			attributes = {
				LastSwiftUpdateCheck = 1250;
				LastUpgradeCheck = 1250;
				TargetAttributes = {
					10C48EBD26F269AF0019B7A3 = {
						CreatedOnToolsVersion = 12.5.1;
					};
				};
			};
			buildConfigurationList = 10C48EB926F269AF0019B7A3 /* Build configuration list for PBXProject "Firebase DB Project" */;
			compatibilityVersion = "Xcode 9.3";
			developmentRegion = en;
			hasScannedForEncodings = 0;
			knownRegions = (
				en,
				Base,
			);
			mainGroup = 10C48EB526F269AF0019B7A3;
			productRefGroup = 10C48EBF26F269B00019B7A3 /* Products */;
			projectDirPath = "";
			projectRoot = "";
			targets = (
				10C48EBD26F269AF0019B7A3 /* Firebase DB Project */,
			);
		};
/* End PBXProject section */

/* Begin PBXResourcesBuildPhase section */
		10C48EBC26F269AF0019B7A3 /* Resources */ = {
			isa = PBXResourcesBuildPhase;
			buildActionMask = 2147483647;
			files = (
				10C48EC926F269B10019B7A3 /* Preview Assets.xcassets in Resources */,
				10C48EC626F269B10019B7A3 /* Assets.xcassets in Resources */,
				10C48ED126F26A720019B7A3 /* GoogleService-Info.plist in Resources */,
			);
			runOnlyForDeploymentPostprocessing = 0;
		};
/* End PBXResourcesBuildPhase section */

/* Begin PBXShellScriptBuildPhase section */
		3538EAC9F1C85AB89903DA92 /* [CP] Embed Pods Frameworks */ = {
			isa = PBXShellScriptBuildPhase;
			buildActionMask = 2147483647;
			files = (
			);
			inputFileListPaths = (
				"${PODS_ROOT}/Target Support Files/Pods-Firebase DB Project/Pods-Firebase DB Project-frameworks-${CONFIGURATION}-input-files.xcfilelist",
			);
			name = "[CP] Embed Pods Frameworks";
			outputFileListPaths = (
				"${PODS_ROOT}/Target Support Files/Pods-Firebase DB Project/Pods-Firebase DB Project-frameworks-${CONFIGURATION}-output-files.xcfilelist",
			);
			runOnlyForDeploymentPostprocessing = 0;
			shellPath = /bin/sh;
			shellScript = "\"${PODS_ROOT}/Target Support Files/Pods-Firebase DB Project/Pods-Firebase DB Project-frameworks.sh\"\n";
			showEnvVarsInLog = 0;
		};
		7FD5E3F867FDCD7884306DDE /* [CP] Check Pods Manifest.lock */ = {
			isa = PBXShellScriptBuildPhase;
			buildActionMask = 2147483647;
			files = (
			);
			inputFileListPaths = (
			);
			inputPaths = (
				"${PODS_PODFILE_DIR_PATH}/Podfile.lock",
				"${PODS_ROOT}/Manifest.lock",
			);
			name = "[CP] Check Pods Manifest.lock";
			outputFileListPaths = (
			);
			outputPaths = (
				"$(DERIVED_FILE_DIR)/Pods-Firebase DB Project-checkManifestLockResult.txt",
			);
			runOnlyForDeploymentPostprocessing = 0;
			shellPath = /bin/sh;
			shellScript = "diff \"${PODS_PODFILE_DIR_PATH}/Podfile.lock\" \"${PODS_ROOT}/Manifest.lock\" > /dev/null\nif [ $? != 0 ] ; then\n    # print error to STDERR\n    echo \"error: The sandbox is not in sync with the Podfile.lock. Run 'pod install' or update your CocoaPods installation.\" >&2\n    exit 1\nfi\n# This output is used by Xcode 'outputs' to avoid re-running this script phase.\necho \"SUCCESS\" > \"${SCRIPT_OUTPUT_FILE_0}\"\n";
			showEnvVarsInLog = 0;
		};
/* End PBXShellScriptBuildPhase section */

/* Begin PBXSourcesBuildPhase section */
		10C48EBA26F269AF0019B7A3 /* Sources */ = {
			isa = PBXSourcesBuildPhase;
			buildActionMask = 2147483647;
			files = (
				10C48EC426F269B00019B7A3 /* ContentView.swift in Sources */,
				10C48EC226F269B00019B7A3 /* Firebase_DB_ProjectApp.swift in Sources */,
			);
			runOnlyForDeploymentPostprocessing = 0;
		};
/* End PBXSourcesBuildPhase section */

/* Begin XCBuildConfiguration section */
		10C48ECB26F269B10019B7A3 /* Debug */ = {
			isa = XCBuildConfiguration;
			buildSettings = {
				ALWAYS_SEARCH_USER_PATHS = NO;
				CLANG_ANALYZER_NONNULL = YES;
				CLANG_ANALYZER_NUMBER_OBJECT_CONVERSION = YES_AGGRESSIVE;
				CLANG_CXX_LANGUAGE_STANDARD = "gnu++14";
				CLANG_CXX_LIBRARY = "libc++";
				CLANG_ENABLE_MODULES = YES;
				CLANG_ENABLE_OBJC_ARC = YES;
				CLANG_ENABLE_OBJC_WEAK = YES;
				CLANG_WARN_BLOCK_CAPTURE_AUTORELEASING = YES;
				CLANG_WARN_BOOL_CONVERSION = YES;
				CLANG_WARN_COMMA = YES;
				CLANG_WARN_CONSTANT_CONVERSION = YES;
				CLANG_WARN_DEPRECATED_OBJC_IMPLEMENTATIONS = YES;
				CLANG_WARN_DIRECT_OBJC_ISA_USAGE = YES_ERROR;
				CLANG_WARN_DOCUMENTATION_COMMENTS = YES;
				CLANG_WARN_EMPTY_BODY = YES;
				CLANG_WARN_ENUM_CONVERSION = YES;
				CLANG_WARN_INFINITE_RECURSION = YES;
				CLANG_WARN_INT_CONVERSION = YES;
				CLANG_WARN_NON_LITERAL_NULL_CONVERSION = YES;
				CLANG_WARN_OBJC_IMPLICIT_RETAIN_SELF = YES;
				CLANG_WARN_OBJC_LITERAL_CONVERSION = YES;
				CLANG_WARN_OBJC_ROOT_CLASS = YES_ERROR;
				CLANG_WARN_QUOTED_INCLUDE_IN_FRAMEWORK_HEADER = YES;
				CLANG_WARN_RANGE_LOOP_ANALYSIS = YES;
				CLANG_WARN_STRICT_PROTOTYPES = YES;
				CLANG_WARN_SUSPICIOUS_MOVE = YES;
				CLANG_WARN_UNGUARDED_AVAILABILITY = YES_AGGRESSIVE;
				CLANG_WARN_UNREACHABLE_CODE = YES;
				CLANG_WARN__DUPLICATE_METHOD_MATCH = YES;
				COPY_PHASE_STRIP = NO;
				DEBUG_INFORMATION_FORMAT = dwarf;
				ENABLE_STRICT_OBJC_MSGSEND = YES;
				ENABLE_TESTABILITY = YES;
				GCC_C_LANGUAGE_STANDARD = gnu11;
				GCC_DYNAMIC_NO_PIC = NO;
				GCC_NO_COMMON_BLOCKS = YES;
				GCC_OPTIMIZATION_LEVEL = 0;
				GCC_PREPROCESSOR_DEFINITIONS = (
					"DEBUG=1",
					"$(inherited)",
				);
				GCC_WARN_64_TO_32_BIT_CONVERSION = YES;
				GCC_WARN_ABOUT_RETURN_TYPE = YES_ERROR;
				GCC_WARN_UNDECLARED_SELECTOR = YES;
				GCC_WARN_UNINITIALIZED_AUTOS = YES_AGGRESSIVE;
				GCC_WARN_UNUSED_FUNCTION = YES;
				GCC_WARN_UNUSED_VARIABLE = YES;
				IPHONEOS_DEPLOYMENT_TARGET = 14.5;
				MTL_ENABLE_DEBUG_INFO = INCLUDE_SOURCE;
				MTL_FAST_MATH = YES;
				ONLY_ACTIVE_ARCH = YES;
				SDKROOT = iphoneos;
				SWIFT_ACTIVE_COMPILATION_CONDITIONS = DEBUG;
				SWIFT_OPTIMIZATION_LEVEL = "-Onone";
			};
			name = Debug;
		};
		10C48ECC26F269B10019B7A3 /* Release */ = {
			isa = XCBuildConfiguration;
			buildSettings = {
				ALWAYS_SEARCH_USER_PATHS = NO;
				CLANG_ANALYZER_NONNULL = YES;
				CLANG_ANALYZER_NUMBER_OBJECT_CONVERSION = YES_AGGRESSIVE;
				CLANG_CXX_LANGUAGE_STANDARD = "gnu++14";
				CLANG_CXX_LIBRARY = "libc++";
				CLANG_ENABLE_MODULES = YES;
				CLANG_ENABLE_OBJC_ARC = YES;
				CLANG_ENABLE_OBJC_WEAK = YES;
				CLANG_WARN_BLOCK_CAPTURE_AUTORELEASING = YES;
				CLANG_WARN_BOOL_CONVERSION = YES;
				CLANG_WARN_COMMA = YES;
				CLANG_WARN_CONSTANT_CONVERSION = YES;
				CLANG_WARN_DEPRECATED_OBJC_IMPLEMENTATIONS = YES;
				CLANG_WARN_DIRECT_OBJC_ISA_USAGE = YES_ERROR;
				CLANG_WARN_DOCUMENTATION_COMMENTS = YES;
				CLANG_WARN_EMPTY_BODY = YES;
				CLANG_WARN_ENUM_CONVERSION = YES;
				CLANG_WARN_INFINITE_RECURSION = YES;
				CLANG_WARN_INT_CONVERSION = YES;
				CLANG_WARN_NON_LITERAL_NULL_CONVERSION = YES;
				CLANG_WARN_OBJC_IMPLICIT_RETAIN_SELF = YES;
				CLANG_WARN_OBJC_LITERAL_CONVERSION = YES;
				CLANG_WARN_OBJC_ROOT_CLASS = YES_ERROR;
				CLANG_WARN_QUOTED_INCLUDE_IN_FRAMEWORK_HEADER = YES;
				CLANG_WARN_RANGE_LOOP_ANALYSIS = YES;
				CLANG_WARN_STRICT_PROTOTYPES = YES;
				CLANG_WARN_SUSPICIOUS_MOVE = YES;
				CLANG_WARN_UNGUARDED_AVAILABILITY = YES_AGGRESSIVE;
				CLANG_WARN_UNREACHABLE_CODE = YES;
				CLANG_WARN__DUPLICATE_METHOD_MATCH = YES;
				COPY_PHASE_STRIP = NO;
				DEBUG_INFORMATION_FORMAT = "dwarf-with-dsym";
				ENABLE_NS_ASSERTIONS = NO;
				ENABLE_STRICT_OBJC_MSGSEND = YES;
				GCC_C_LANGUAGE_STANDARD = gnu11;
				GCC_NO_COMMON_BLOCKS = YES;
				GCC_WARN_64_TO_32_BIT_CONVERSION = YES;
				GCC_WARN_ABOUT_RETURN_TYPE = YES_ERROR;
				GCC_WARN_UNDECLARED_SELECTOR = YES;
				GCC_WARN_UNINITIALIZED_AUTOS = YES_AGGRESSIVE;
				GCC_WARN_UNUSED_FUNCTION = YES;
				GCC_WARN_UNUSED_VARIABLE = YES;
				IPHONEOS_DEPLOYMENT_TARGET = 14.5;
				MTL_ENABLE_DEBUG_INFO = NO;
				MTL_FAST_MATH = YES;
				SDKROOT = iphoneos;
				SWIFT_COMPILATION_MODE = wholemodule;
				SWIFT_OPTIMIZATION_LEVEL = "-O";
				VALIDATE_PRODUCT = YES;
			};
			name = Release;
		};
		10C48ECE26F269B10019B7A3 /* Debug */ = {
			isa = XCBuildConfiguration;
			baseConfigurationReference = 282DF5C21B9F6A22309B9AD6 /* Pods-Firebase DB Project.debug.xcconfig */;
			buildSettings = {
				ASSETCATALOG_COMPILER_APPICON_NAME = AppIcon;
				ASSETCATALOG_COMPILER_GLOBAL_ACCENT_COLOR_NAME = AccentColor;
				CODE_SIGN_STYLE = Automatic;
				DEVELOPMENT_ASSET_PATHS = "\"Firebase DB Project/Preview Content\"";
				DEVELOPMENT_TEAM = K9T9S7CL7K;
				ENABLE_PREVIEWS = YES;
				INFOPLIST_FILE = "Firebase DB Project/Info.plist";
				IPHONEOS_DEPLOYMENT_TARGET = 14.0;
				LD_RUNPATH_SEARCH_PATHS = (
					"$(inherited)",
					"@executable_path/Frameworks",
				);
				PRODUCT_BUNDLE_IDENTIFIER = "ozanbilgili.Firebase-DB-Project";
				PRODUCT_NAME = "$(TARGET_NAME)";
				SWIFT_VERSION = 5.0;
				TARGETED_DEVICE_FAMILY = "1,2";
			};
			name = Debug;
		};
		10C48ECF26F269B10019B7A3 /* Release */ = {
			isa = XCBuildConfiguration;
			baseConfigurationReference = EC0872958E8DDF8C85DD9745 /* Pods-Firebase DB Project.release.xcconfig */;
			buildSettings = {
				ASSETCATALOG_COMPILER_APPICON_NAME = AppIcon;
				ASSETCATALOG_COMPILER_GLOBAL_ACCENT_COLOR_NAME = AccentColor;
				CODE_SIGN_STYLE = Automatic;
				DEVELOPMENT_ASSET_PATHS = "\"Firebase DB Project/Preview Content\"";
				DEVELOPMENT_TEAM = K9T9S7CL7K;
				ENABLE_PREVIEWS = YES;
				INFOPLIST_FILE = "Firebase DB Project/Info.plist";
				IPHONEOS_DEPLOYMENT_TARGET = 14.0;
				LD_RUNPATH_SEARCH_PATHS = (
					"$(inherited)",
					"@executable_path/Frameworks",
				);
				PRODUCT_BUNDLE_IDENTIFIER = "ozanbilgili.Firebase-DB-Project";
				PRODUCT_NAME = "$(TARGET_NAME)";
				SWIFT_VERSION = 5.0;
				TARGETED_DEVICE_FAMILY = "1,2";
			};
			name = Release;
		};
/* End XCBuildConfiguration section */

/* Begin XCConfigurationList section */
		10C48EB926F269AF0019B7A3 /* Build configuration list for PBXProject "Firebase DB Project" */ = {
			isa = XCConfigurationList;
			buildConfigurations = (
				10C48ECB26F269B10019B7A3 /* Debug */,
				10C48ECC26F269B10019B7A3 /* Release */,
			);
			defaultConfigurationIsVisible = 0;
			defaultConfigurationName = Release;
		};
		10C48ECD26F269B10019B7A3 /* Build configuration list for PBXNativeTarget "Firebase DB Project" */ = {
			isa = XCConfigurationList;
			buildConfigurations = (
				10C48ECE26F269B10019B7A3 /* Debug */,
				10C48ECF26F269B10019B7A3 /* Release */,
			);
			defaultConfigurationIsVisible = 0;
			defaultConfigurationName = Release;
		};
/* End XCConfigurationList section */
	};
	rootObject = 10C48EB626F269AF0019B7A3 /* Project object */;
}
